
Microsoft Visual Studio Solution File, Format Version 12.00
# Visual Studio Version 17
VisualStudioVersion = 17.14.36408.4 d17.14
MinimumVisualStudioVersion = 10.0.40219.1
Project("{FAE04EC0-301F-11D3-BF4B-00C04F79EFBC}") = "EncryptToBase64", "EncryptToBase64\EncryptToBase64.csproj", "{5E11F074-0E9F-44F3-B0A7-8BBFEE36AE78}"
EndProject
Global
	GlobalSection(SolutionConfigurationPlatforms) = preSolution
		Debug|Any CPU = Debug|Any CPU
		Release|Any CPU = Release|Any CPU
	EndGlobalSection
	GlobalSection(ProjectConfigurationPlatforms) = postSolution
		{5E11F074-0E9F-44F3-B0A7-8BBFEE36AE78}.Debug|Any CPU.ActiveCfg = Debug|Any CPU
		{5E11F074-0E9F-44F3-B0A7-8BBFEE36AE78}.Debug|Any CPU.Build.0 = Debug|Any CPU
		{5E11F074-0E9F-44F3-B0A7-8BBFEE36AE78}.Release|Any CPU.ActiveCfg = Release|Any CPU
		{5E11F074-0E9F-44F3-B0A7-8BBFEE36AE78}.Release|Any CPU.Build.0 = Release|Any CPU
	EndGlobalSection
	GlobalSection(SolutionProperties) = preSolution
		HideSolutionNode = FALSE
	EndGlobalSection
	GlobalSection(ExtensibilityGlobals) = postSolution
		SolutionGuid = {DD6CD803-94D6-41B9-860F-009CB0279170}
	EndGlobalSection
EndGlobal
